
Microsoft Visual Studio Solution File, Format Version 12.00
# Visual Studio Version 17
VisualStudioVersion = 17.11.35219.272
MinimumVisualStudioVersion = 10.0.40219.1
Project("{FAE04EC0-301F-11D3-BF4B-00C04F79EFBC}") = "API", "API.csproj", "{34D2F5CE-91AC-421E-A70C-3E484D0D3AB0}"
EndProject
Project("{FAE04EC0-301F-11D3-BF4B-00C04F79EFBC}") = "AdminPortal", "..\AdminPortal\AdminPortal.csproj", "{245D3400-952D-47CA-A713-43C326CC8231}"
EndProject
Global
	GlobalSection(SolutionConfigurationPlatforms) = preSolution
		Debug|Any CPU = Debug|Any CPU
		Release|Any CPU = Release|Any CPU
	EndGlobalSection
	GlobalSection(ProjectConfigurationPlatforms) = postSolution
		{34D2F5CE-91AC-421E-A70C-3E484D0D3AB0}.Debug|Any CPU.ActiveCfg = Debug|Any CPU
		{34D2F5CE-91AC-421E-A70C-3E484D0D3AB0}.Debug|Any CPU.Build.0 = Debug|Any CPU
		{34D2F5CE-91AC-421E-A70C-3E484D0D3AB0}.Release|Any CPU.ActiveCfg = Release|Any CPU
		{34D2F5CE-91AC-421E-A70C-3E484D0D3AB0}.Release|Any CPU.Build.0 = Release|Any CPU
		{245D3400-952D-47CA-A713-43C326CC8231}.Debug|Any CPU.ActiveCfg = Debug|Any CPU
		{245D3400-952D-47CA-A713-43C326CC8231}.Debug|Any CPU.Build.0 = Debug|Any CPU
		{245D3400-952D-47CA-A713-43C326CC8231}.Release|Any CPU.ActiveCfg = Release|Any CPU
		{245D3400-952D-47CA-A713-43C326CC8231}.Release|Any CPU.Build.0 = Release|Any CPU
	EndGlobalSection
	GlobalSection(SolutionProperties) = preSolution
		HideSolutionNode = FALSE
	EndGlobalSection
	GlobalSection(ExtensibilityGlobals) = postSolution
		SolutionGuid = {FA8520CD-92F8-492D-ABA7-6BA22B7040CD}
	EndGlobalSection
EndGlobal
